
Microsoft Visual Studio Solution File, Format Version 12.00
# Visual Studio Version 16
VisualStudioVersion = 16.0.30621.155
MinimumVisualStudioVersion = 10.0.40219.1
Project("{9A19103F-16F7-4668-BE54-9A1E7A4F7556}") = "KwansoApiDotNet5", "KwansoApiDotNet5\KwansoApiDotNet5.csproj", "{F1B26CDA-D345-4847-9AA0-9B78B2B4CD21}"
EndProject
Project("{9A19103F-16F7-4668-BE54-9A1E7A4F7556}") = "Kwanso.Core", "Kwanso.Core\Kwanso.Core.csproj", "{56E3F869-6AD8-49FD-9206-5FFAE643949A}"
EndProject
Project("{FAE04EC0-301F-11D3-BF4B-00C04F79EFBC}") = "KwansoWebApp", "KwansoWebApp\KwansoWebApp.csproj", "{B2CB5253-4142-4A0C-AC6F-C452F2D89C08}"
EndProject
Global
	GlobalSection(SolutionConfigurationPlatforms) = preSolution
		Debug|Any CPU = Debug|Any CPU
		Release|Any CPU = Release|Any CPU
	EndGlobalSection
	GlobalSection(ProjectConfigurationPlatforms) = postSolution
		{F1B26CDA-D345-4847-9AA0-9B78B2B4CD21}.Debug|Any CPU.ActiveCfg = Debug|Any CPU
		{F1B26CDA-D345-4847-9AA0-9B78B2B4CD21}.Debug|Any CPU.Build.0 = Debug|Any CPU
		{F1B26CDA-D345-4847-9AA0-9B78B2B4CD21}.Release|Any CPU.ActiveCfg = Release|Any CPU
		{F1B26CDA-D345-4847-9AA0-9B78B2B4CD21}.Release|Any CPU.Build.0 = Release|Any CPU
		{56E3F869-6AD8-49FD-9206-5FFAE643949A}.Debug|Any CPU.ActiveCfg = Debug|Any CPU
		{56E3F869-6AD8-49FD-9206-5FFAE643949A}.Debug|Any CPU.Build.0 = Debug|Any CPU
		{56E3F869-6AD8-49FD-9206-5FFAE643949A}.Release|Any CPU.ActiveCfg = Release|Any CPU
		{56E3F869-6AD8-49FD-9206-5FFAE643949A}.Release|Any CPU.Build.0 = Release|Any CPU
		{B2CB5253-4142-4A0C-AC6F-C452F2D89C08}.Debug|Any CPU.ActiveCfg = Debug|Any CPU
		{B2CB5253-4142-4A0C-AC6F-C452F2D89C08}.Debug|Any CPU.Build.0 = Debug|Any CPU
		{B2CB5253-4142-4A0C-AC6F-C452F2D89C08}.Release|Any CPU.ActiveCfg = Release|Any CPU
		{B2CB5253-4142-4A0C-AC6F-C452F2D89C08}.Release|Any CPU.Build.0 = Release|Any CPU
	EndGlobalSection
	GlobalSection(SolutionProperties) = preSolution
		HideSolutionNode = FALSE
	EndGlobalSection
	GlobalSection(ExtensibilityGlobals) = postSolution
		SolutionGuid = {49DAEF81-11D3-443D-8279-43F5282F2D7E}
	EndGlobalSection
EndGlobal
